
Microsoft Visual Studio Solution File, Format Version 12.00
# Visual Studio 2013
VisualStudioVersion = 12.0.31101.0
MinimumVisualStudioVersion = 10.0.40219.1
Project("{FAE04EC0-301F-11D3-BF4B-00C04F79EFBC}") = "Services_Management.ODataBackend", "ODataBackend/Services_Management.ODataBackend.csproj", "{A0484A1A-CC6C-47AE-AD1E-3F55CB845784}"
EndProject
Project("{FAE04EC0-301F-11D3-BF4B-00C04F79EFBC}") = "Services_Management.Objects", "Objects/Services_Management.Objects.csproj", "{FD00AF82-F455-41AF-8354-A8018AA6BC23}"
EndProject
Global
	GlobalSection(SolutionConfigurationPlatforms) = preSolution
Debug|Any CPU = Debug|Any CPU
Release|Any CPU = Release|Any CPU
	EndGlobalSection
	GlobalSection(ProjectConfigurationPlatforms) = postSolution
		{A0484A1A-CC6C-47AE-AD1E-3F55CB845784}.Debug|Any CPU.ActiveCfg = Debug|Any CPU
		{A0484A1A-CC6C-47AE-AD1E-3F55CB845784}.Debug|Any CPU.Build.0 = Debug|Any CPU
		{A0484A1A-CC6C-47AE-AD1E-3F55CB845784}.Release|Any CPU.ActiveCfg = Release|Any CPU
		{A0484A1A-CC6C-47AE-AD1E-3F55CB845784}.Release|Any CPU.Build.0 = Release|Any CPU
		{FD00AF82-F455-41AF-8354-A8018AA6BC23}.Debug|Any CPU.ActiveCfg = Debug|Any CPU
		{FD00AF82-F455-41AF-8354-A8018AA6BC23}.Debug|Any CPU.Build.0 = Debug|Any CPU
		{FD00AF82-F455-41AF-8354-A8018AA6BC23}.Release|Any CPU.ActiveCfg = Release|Any CPU
		{FD00AF82-F455-41AF-8354-A8018AA6BC23}.Release|Any CPU.Build.0 = Release|Any CPU
	EndGlobalSection
	GlobalSection(SolutionProperties) = preSolution
		HideSolutionNode = FALSE
	EndGlobalSection
EndGlobal
